// !$*UTF8*$!
{
	archiveVersion = 1;
	classes = {
	};
	objectVersion = 56;
	objects = {

/* Begin PBXBuildFile section */
		2E1005B02B99838800B9BED1 /* AppDelegate.swift in Sources */ = {isa = PBXBuildFile; fileRef = 2E1005AF2B99838800B9BED1 /* AppDelegate.swift */; };
		2E1005B22B99838800B9BED1 /* SceneDelegate.swift in Sources */ = {isa = PBXBuildFile; fileRef = 2E1005B12B99838800B9BED1 /* SceneDelegate.swift */; };
		2E1005BC2B99838900B9BED1 /* LaunchScreen.storyboard in Resources */ = {isa = PBXBuildFile; fileRef = 2E1005BA2B99838900B9BED1 /* LaunchScreen.storyboard */; };
		2E1005C42B99860100B9BED1 /* .gitignore in Resources */ = {isa = PBXBuildFile; fileRef = 2E1005C32B99860000B9BED1 /* .gitignore */; };
		2E14CDE92B9E14AA007A0A11 /* CustomTabBarController.swift in Sources */ = {isa = PBXBuildFile; fileRef = 2E14CDE82B9E14AA007A0A11 /* CustomTabBarController.swift */; };
		2E14CDEF2B9E1523007A0A11 /* CalendarViewController.swift in Sources */ = {isa = PBXBuildFile; fileRef = 2E14CDEE2B9E1523007A0A11 /* CalendarViewController.swift */; };
		2E14CDFA2B9E1A66007A0A11 /* LikeViewController.swift in Sources */ = {isa = PBXBuildFile; fileRef = 2E14CDF92B9E1A66007A0A11 /* LikeViewController.swift */; };
		2E14CDFC2B9E1A71007A0A11 /* RecipeRecommendViewController.swift in Sources */ = {isa = PBXBuildFile; fileRef = 2E14CDFB2B9E1A71007A0A11 /* RecipeRecommendViewController.swift */; };
		2E14CDFE2B9E1A8A007A0A11 /* BaseViewController.swift in Sources */ = {isa = PBXBuildFile; fileRef = 2E14CDFD2B9E1A8A007A0A11 /* BaseViewController.swift */; };
		2E14CE022B9E1AF3007A0A11 /* UIColor+CustomColor.swift in Sources */ = {isa = PBXBuildFile; fileRef = 2E14CE012B9E1AF3007A0A11 /* UIColor+CustomColor.swift */; };
		2E14CE072B9E3262007A0A11 /* OverviewViewController.swift in Sources */ = {isa = PBXBuildFile; fileRef = 2E14CE062B9E3262007A0A11 /* OverviewViewController.swift */; };
		2E14CE0D2B9E34B2007A0A11 /* AddMealViewController.swift in Sources */ = {isa = PBXBuildFile; fileRef = 2E14CE0C2B9E34B2007A0A11 /* AddMealViewController.swift */; };
		2E14CE102B9E3C73007A0A11 /* Realm in Frameworks */ = {isa = PBXBuildFile; productRef = 2E14CE0F2B9E3C73007A0A11 /* Realm */; };
		2E14CE122B9E3C73007A0A11 /* RealmSwift in Frameworks */ = {isa = PBXBuildFile; productRef = 2E14CE112B9E3C73007A0A11 /* RealmSwift */; };
		2E14CE152B9E3C90007A0A11 /* Kingfisher in Frameworks */ = {isa = PBXBuildFile; productRef = 2E14CE142B9E3C90007A0A11 /* Kingfisher */; };
		2E14CE182B9E3C99007A0A11 /* Then in Frameworks */ = {isa = PBXBuildFile; productRef = 2E14CE172B9E3C99007A0A11 /* Then */; };
		2E14CE1B2B9E3CB0007A0A11 /* SnapKit in Frameworks */ = {isa = PBXBuildFile; productRef = 2E14CE1A2B9E3CB0007A0A11 /* SnapKit */; };
		2E14CE1E2B9E3CE8007A0A11 /* DGCharts in Frameworks */ = {isa = PBXBuildFile; productRef = 2E14CE1D2B9E3CE8007A0A11 /* DGCharts */; };
		2E14CE262B9E3D28007A0A11 /* Lottie in Frameworks */ = {isa = PBXBuildFile; productRef = 2E14CE252B9E3D28007A0A11 /* Lottie */; };
		2E14CE292B9E3D3E007A0A11 /* FSCalendar in Frameworks */ = {isa = PBXBuildFile; productRef = 2E14CE282B9E3D3E007A0A11 /* FSCalendar */; };
		2E14CE2C2B9E3D9F007A0A11 /* SkeletonView in Frameworks */ = {isa = PBXBuildFile; productRef = 2E14CE2B2B9E3D9F007A0A11 /* SkeletonView */; };
		2E28F3302BA49A7C00C0B1EB /* AddMealViewModel.swift in Sources */ = {isa = PBXBuildFile; fileRef = 2E28F32F2BA49A7C00C0B1EB /* AddMealViewModel.swift */; };
		2E48AD452BA491150021F7D6 /* AddMealDateView.swift in Sources */ = {isa = PBXBuildFile; fileRef = 2E48AD442BA491150021F7D6 /* AddMealDateView.swift */; };
		2E56D3462BA0242D002B0A6C /* OrderSpentViewController.swift in Sources */ = {isa = PBXBuildFile; fileRef = 2E56D3452BA0242D002B0A6C /* OrderSpentViewController.swift */; };
		2E56D3482BA0243C002B0A6C /* OrderSpentView.swift in Sources */ = {isa = PBXBuildFile; fileRef = 2E56D3472BA0243C002B0A6C /* OrderSpentView.swift */; };
		2E56D34A2BA0246B002B0A6C /* OrderSpentViewModel.swift in Sources */ = {isa = PBXBuildFile; fileRef = 2E56D3492BA0246B002B0A6C /* OrderSpentViewModel.swift */; };
		2E56D34C2BA02A65002B0A6C /* GoalOrderViewController.swift in Sources */ = {isa = PBXBuildFile; fileRef = 2E56D34B2BA02A65002B0A6C /* GoalOrderViewController.swift */; };
		2E56D34E2BA03636002B0A6C /* GoalOrderView.swift in Sources */ = {isa = PBXBuildFile; fileRef = 2E56D34D2BA03636002B0A6C /* GoalOrderView.swift */; };
		2E56D3502BA03E1B002B0A6C /* GoalOrderViewModel.swift in Sources */ = {isa = PBXBuildFile; fileRef = 2E56D34F2BA03E1B002B0A6C /* GoalOrderViewModel.swift */; };
		2E5F643A2BA2D464004346E0 /* OverviewCompositionalLayout.swift in Sources */ = {isa = PBXBuildFile; fileRef = 2E5F64392BA2D464004346E0 /* OverviewCompositionalLayout.swift */; };
		2E5F643C2BA368D7004346E0 /* CalendarCollectionViewCell.swift in Sources */ = {isa = PBXBuildFile; fileRef = 2E5F643B2BA368D7004346E0 /* CalendarCollectionViewCell.swift */; };
		2E5F643E2BA368EC004346E0 /* BaseCollectionViewCell.swift in Sources */ = {isa = PBXBuildFile; fileRef = 2E5F643D2BA368EC004346E0 /* BaseCollectionViewCell.swift */; };
		2E88CA572BA1BD060070F6C3 /* OverviewView.swift in Sources */ = {isa = PBXBuildFile; fileRef = 2E88CA562BA1BD060070F6C3 /* OverviewView.swift */; };
		2E88CA5C2BA1D4BB0070F6C3 /* SavingCollectionViewCell.swift in Sources */ = {isa = PBXBuildFile; fileRef = 2E88CA5B2BA1D4BB0070F6C3 /* SavingCollectionViewCell.swift */; };
		2E88CA5E2BA1D4C40070F6C3 /* OrderCntCollectionViewCell.swift in Sources */ = {isa = PBXBuildFile; fileRef = 2E88CA5D2BA1D4C40070F6C3 /* OrderCntCollectionViewCell.swift */; };
		2E88CA602BA1D4CA0070F6C3 /* MenuCollectionViewCell.swift in Sources */ = {isa = PBXBuildFile; fileRef = 2E88CA5F2BA1D4CA0070F6C3 /* MenuCollectionViewCell.swift */; };
		2E88CA622BA1D5E50070F6C3 /* OnboardingDataModel.swift in Sources */ = {isa = PBXBuildFile; fileRef = 2E88CA612BA1D5E50070F6C3 /* OnboardingDataModel.swift */; };
		2E88CA642BA1DE7F0070F6C3 /* UserRepository.swift in Sources */ = {isa = PBXBuildFile; fileRef = 2E88CA632BA1DE7F0070F6C3 /* UserRepository.swift */; };
		2EC75DD52BA3F716008A0E3A /* Alamofire in Frameworks */ = {isa = PBXBuildFile; productRef = 2EC75DD42BA3F716008A0E3A /* Alamofire */; };
		2ED30DC32B9F389200786ACE /* CustomTabBar.swift in Sources */ = {isa = PBXBuildFile; fileRef = 2ED30DC22B9F389200786ACE /* CustomTabBar.swift */; };
		2ED30DC52B9F4A2200786ACE /* UserRealmModel.swift in Sources */ = {isa = PBXBuildFile; fileRef = 2ED30DC42B9F4A2200786ACE /* UserRealmModel.swift */; };
		2ED30DC82B9F4B5E00786ACE /* MealRealmModel.swift in Sources */ = {isa = PBXBuildFile; fileRef = 2ED30DC72B9F4B5E00786ACE /* MealRealmModel.swift */; };
		2ED30DD02B9F5A0D00786ACE /* OrderCountViewController.swift in Sources */ = {isa = PBXBuildFile; fileRef = 2ED30DCF2B9F5A0D00786ACE /* OrderCountViewController.swift */; };
		2ED30DD22B9F5CDC00786ACE /* BaseView.swift in Sources */ = {isa = PBXBuildFile; fileRef = 2ED30DD12B9F5CDC00786ACE /* BaseView.swift */; };
		2ED30DD42B9F5D5500786ACE /* OrderCountView.swift in Sources */ = {isa = PBXBuildFile; fileRef = 2ED30DD32B9F5D5500786ACE /* OrderCountView.swift */; };
		2ED30DD62B9F61E800786ACE /* UIView+addSubViews.swift in Sources */ = {isa = PBXBuildFile; fileRef = 2ED30DD52B9F61E800786ACE /* UIView+addSubViews.swift */; };
		2ED30DD82B9F6AA400786ACE /* Observable.swift in Sources */ = {isa = PBXBuildFile; fileRef = 2ED30DD72B9F6AA400786ACE /* Observable.swift */; };
		2ED30DDA2B9F6CD800786ACE /* OrderCountViewModel.swift in Sources */ = {isa = PBXBuildFile; fileRef = 2ED30DD92B9F6CD800786ACE /* OrderCountViewModel.swift */; };
		2ED30DDC2B9F728700786ACE /* UITextField+PlaceholderColor.swift in Sources */ = {isa = PBXBuildFile; fileRef = 2ED30DDB2B9F728700786ACE /* UITextField+PlaceholderColor.swift */; };
		2EF5D10C2BA4A501006D2E9E /* Assets.xcassets in Resources */ = {isa = PBXBuildFile; fileRef = 2EF5D10B2BA4A501006D2E9E /* Assets.xcassets */; };
		2EF5D10E2BA4B621006D2E9E /* AddMealDetailView.swift in Sources */ = {isa = PBXBuildFile; fileRef = 2EF5D10D2BA4B621006D2E9E /* AddMealDetailView.swift */; };
		2EF5D1102BA4BEE1006D2E9E /* DateFormatterUtility.swift in Sources */ = {isa = PBXBuildFile; fileRef = 2EF5D10F2BA4BEE1006D2E9E /* DateFormatterUtility.swift */; };
/* End PBXBuildFile section */

/* Begin PBXFileReference section */
		2E1005AC2B99838800B9BED1 /* BaeJuLee.app */ = {isa = PBXFileReference; explicitFileType = wrapper.application; includeInIndex = 0; path = BaeJuLee.app; sourceTree = BUILT_PRODUCTS_DIR; };
		2E1005AF2B99838800B9BED1 /* AppDelegate.swift */ = {isa = PBXFileReference; lastKnownFileType = sourcecode.swift; path = AppDelegate.swift; sourceTree = "<group>"; };
		2E1005B12B99838800B9BED1 /* SceneDelegate.swift */ = {isa = PBXFileReference; lastKnownFileType = sourcecode.swift; path = SceneDelegate.swift; sourceTree = "<group>"; };
		2E1005BB2B99838900B9BED1 /* Base */ = {isa = PBXFileReference; lastKnownFileType = file.storyboard; name = Base; path = Base.lproj/LaunchScreen.storyboard; sourceTree = "<group>"; };
		2E1005BD2B99838900B9BED1 /* Info.plist */ = {isa = PBXFileReference; lastKnownFileType = text.plist.xml; path = Info.plist; sourceTree = "<group>"; };
		2E1005C32B99860000B9BED1 /* .gitignore */ = {isa = PBXFileReference; lastKnownFileType = text; path = .gitignore; sourceTree = "<group>"; };
		2E14CDE82B9E14AA007A0A11 /* CustomTabBarController.swift */ = {isa = PBXFileReference; lastKnownFileType = sourcecode.swift; path = CustomTabBarController.swift; sourceTree = "<group>"; };
		2E14CDEE2B9E1523007A0A11 /* CalendarViewController.swift */ = {isa = PBXFileReference; lastKnownFileType = sourcecode.swift; path = CalendarViewController.swift; sourceTree = "<group>"; };
		2E14CDF92B9E1A66007A0A11 /* LikeViewController.swift */ = {isa = PBXFileReference; lastKnownFileType = sourcecode.swift; path = LikeViewController.swift; sourceTree = "<group>"; };
		2E14CDFB2B9E1A71007A0A11 /* RecipeRecommendViewController.swift */ = {isa = PBXFileReference; lastKnownFileType = sourcecode.swift; path = RecipeRecommendViewController.swift; sourceTree = "<group>"; };
		2E14CDFD2B9E1A8A007A0A11 /* BaseViewController.swift */ = {isa = PBXFileReference; lastKnownFileType = sourcecode.swift; path = BaseViewController.swift; sourceTree = "<group>"; };
		2E14CE012B9E1AF3007A0A11 /* UIColor+CustomColor.swift */ = {isa = PBXFileReference; lastKnownFileType = sourcecode.swift; path = "UIColor+CustomColor.swift"; sourceTree = "<group>"; };
		2E14CE062B9E3262007A0A11 /* OverviewViewController.swift */ = {isa = PBXFileReference; lastKnownFileType = sourcecode.swift; path = OverviewViewController.swift; sourceTree = "<group>"; };
		2E14CE0C2B9E34B2007A0A11 /* AddMealViewController.swift */ = {isa = PBXFileReference; lastKnownFileType = sourcecode.swift; path = AddMealViewController.swift; sourceTree = "<group>"; };
		2E28F32F2BA49A7C00C0B1EB /* AddMealViewModel.swift */ = {isa = PBXFileReference; lastKnownFileType = sourcecode.swift; path = AddMealViewModel.swift; sourceTree = "<group>"; };
		2E48AD442BA491150021F7D6 /* AddMealDateView.swift */ = {isa = PBXFileReference; lastKnownFileType = sourcecode.swift; path = AddMealDateView.swift; sourceTree = "<group>"; };
		2E56D3452BA0242D002B0A6C /* OrderSpentViewController.swift */ = {isa = PBXFileReference; lastKnownFileType = sourcecode.swift; path = OrderSpentViewController.swift; sourceTree = "<group>"; };
		2E56D3472BA0243C002B0A6C /* OrderSpentView.swift */ = {isa = PBXFileReference; lastKnownFileType = sourcecode.swift; path = OrderSpentView.swift; sourceTree = "<group>"; };
		2E56D3492BA0246B002B0A6C /* OrderSpentViewModel.swift */ = {isa = PBXFileReference; lastKnownFileType = sourcecode.swift; path = OrderSpentViewModel.swift; sourceTree = "<group>"; };
		2E56D34B2BA02A65002B0A6C /* GoalOrderViewController.swift */ = {isa = PBXFileReference; lastKnownFileType = sourcecode.swift; path = GoalOrderViewController.swift; sourceTree = "<group>"; };
		2E56D34D2BA03636002B0A6C /* GoalOrderView.swift */ = {isa = PBXFileReference; lastKnownFileType = sourcecode.swift; path = GoalOrderView.swift; sourceTree = "<group>"; };
		2E56D34F2BA03E1B002B0A6C /* GoalOrderViewModel.swift */ = {isa = PBXFileReference; lastKnownFileType = sourcecode.swift; path = GoalOrderViewModel.swift; sourceTree = "<group>"; };
		2E5F64392BA2D464004346E0 /* OverviewCompositionalLayout.swift */ = {isa = PBXFileReference; lastKnownFileType = sourcecode.swift; path = OverviewCompositionalLayout.swift; sourceTree = "<group>"; };
		2E5F643B2BA368D7004346E0 /* CalendarCollectionViewCell.swift */ = {isa = PBXFileReference; lastKnownFileType = sourcecode.swift; path = CalendarCollectionViewCell.swift; sourceTree = "<group>"; };
		2E5F643D2BA368EC004346E0 /* BaseCollectionViewCell.swift */ = {isa = PBXFileReference; lastKnownFileType = sourcecode.swift; path = BaseCollectionViewCell.swift; sourceTree = "<group>"; };
		2E88CA562BA1BD060070F6C3 /* OverviewView.swift */ = {isa = PBXFileReference; lastKnownFileType = sourcecode.swift; path = OverviewView.swift; sourceTree = "<group>"; };
		2E88CA5B2BA1D4BB0070F6C3 /* SavingCollectionViewCell.swift */ = {isa = PBXFileReference; lastKnownFileType = sourcecode.swift; path = SavingCollectionViewCell.swift; sourceTree = "<group>"; };
		2E88CA5D2BA1D4C40070F6C3 /* OrderCntCollectionViewCell.swift */ = {isa = PBXFileReference; lastKnownFileType = sourcecode.swift; path = OrderCntCollectionViewCell.swift; sourceTree = "<group>"; };
		2E88CA5F2BA1D4CA0070F6C3 /* MenuCollectionViewCell.swift */ = {isa = PBXFileReference; lastKnownFileType = sourcecode.swift; path = MenuCollectionViewCell.swift; sourceTree = "<group>"; };
		2E88CA612BA1D5E50070F6C3 /* OnboardingDataModel.swift */ = {isa = PBXFileReference; lastKnownFileType = sourcecode.swift; path = OnboardingDataModel.swift; sourceTree = "<group>"; };
		2E88CA632BA1DE7F0070F6C3 /* UserRepository.swift */ = {isa = PBXFileReference; lastKnownFileType = sourcecode.swift; path = UserRepository.swift; sourceTree = "<group>"; };
		2ED30DC22B9F389200786ACE /* CustomTabBar.swift */ = {isa = PBXFileReference; lastKnownFileType = sourcecode.swift; path = CustomTabBar.swift; sourceTree = "<group>"; };
		2ED30DC42B9F4A2200786ACE /* UserRealmModel.swift */ = {isa = PBXFileReference; lastKnownFileType = sourcecode.swift; path = UserRealmModel.swift; sourceTree = "<group>"; };
		2ED30DC72B9F4B5E00786ACE /* MealRealmModel.swift */ = {isa = PBXFileReference; lastKnownFileType = sourcecode.swift; path = MealRealmModel.swift; sourceTree = "<group>"; };
		2ED30DCF2B9F5A0D00786ACE /* OrderCountViewController.swift */ = {isa = PBXFileReference; lastKnownFileType = sourcecode.swift; path = OrderCountViewController.swift; sourceTree = "<group>"; };
		2ED30DD12B9F5CDC00786ACE /* BaseView.swift */ = {isa = PBXFileReference; lastKnownFileType = sourcecode.swift; path = BaseView.swift; sourceTree = "<group>"; };
		2ED30DD32B9F5D5500786ACE /* OrderCountView.swift */ = {isa = PBXFileReference; lastKnownFileType = sourcecode.swift; path = OrderCountView.swift; sourceTree = "<group>"; };
		2ED30DD52B9F61E800786ACE /* UIView+addSubViews.swift */ = {isa = PBXFileReference; lastKnownFileType = sourcecode.swift; path = "UIView+addSubViews.swift"; sourceTree = "<group>"; };
		2ED30DD72B9F6AA400786ACE /* Observable.swift */ = {isa = PBXFileReference; lastKnownFileType = sourcecode.swift; path = Observable.swift; sourceTree = "<group>"; };
		2ED30DD92B9F6CD800786ACE /* OrderCountViewModel.swift */ = {isa = PBXFileReference; lastKnownFileType = sourcecode.swift; path = OrderCountViewModel.swift; sourceTree = "<group>"; };
		2ED30DDB2B9F728700786ACE /* UITextField+PlaceholderColor.swift */ = {isa = PBXFileReference; lastKnownFileType = sourcecode.swift; path = "UITextField+PlaceholderColor.swift"; sourceTree = "<group>"; };
		2EF5D10B2BA4A501006D2E9E /* Assets.xcassets */ = {isa = PBXFileReference; lastKnownFileType = folder.assetcatalog; path = Assets.xcassets; sourceTree = "<group>"; };
		2EF5D10D2BA4B621006D2E9E /* AddMealDetailView.swift */ = {isa = PBXFileReference; lastKnownFileType = sourcecode.swift; path = AddMealDetailView.swift; sourceTree = "<group>"; };
		2EF5D10F2BA4BEE1006D2E9E /* DateFormatterUtility.swift */ = {isa = PBXFileReference; lastKnownFileType = sourcecode.swift; path = DateFormatterUtility.swift; sourceTree = "<group>"; };
/* End PBXFileReference section */

/* Begin PBXFrameworksBuildPhase section */
		2E1005A92B99838800B9BED1 /* Frameworks */ = {
			isa = PBXFrameworksBuildPhase;
			buildActionMask = 2147483647;
			files = (
				2E14CE2C2B9E3D9F007A0A11 /* SkeletonView in Frameworks */,
				2E14CE152B9E3C90007A0A11 /* Kingfisher in Frameworks */,
				2E14CE262B9E3D28007A0A11 /* Lottie in Frameworks */,
				2E14CE292B9E3D3E007A0A11 /* FSCalendar in Frameworks */,
				2E14CE122B9E3C73007A0A11 /* RealmSwift in Frameworks */,
				2EC75DD52BA3F716008A0E3A /* Alamofire in Frameworks */,
				2E14CE102B9E3C73007A0A11 /* Realm in Frameworks */,
				2E14CE182B9E3C99007A0A11 /* Then in Frameworks */,
				2E14CE1E2B9E3CE8007A0A11 /* DGCharts in Frameworks */,
				2E14CE1B2B9E3CB0007A0A11 /* SnapKit in Frameworks */,
			);
			runOnlyForDeploymentPostprocessing = 0;
		};
/* End PBXFrameworksBuildPhase section */

/* Begin PBXGroup section */
		2E1005A32B99838700B9BED1 = {
			isa = PBXGroup;
			children = (
				2E1005C32B99860000B9BED1 /* .gitignore */,
				2E1005AE2B99838800B9BED1 /* BaeJuLee */,
				2E1005AD2B99838800B9BED1 /* Products */,
			);
			sourceTree = "<group>";
		};
		2E1005AD2B99838800B9BED1 /* Products */ = {
			isa = PBXGroup;
			children = (
				2E1005AC2B99838800B9BED1 /* BaeJuLee.app */,
			);
			name = Products;
			sourceTree = "<group>";
		};
		2E1005AE2B99838800B9BED1 /* BaeJuLee */ = {
			isa = PBXGroup;
			children = (
				2E14CDD82B9E0AAC007A0A11 /* Resources */,
				2E14CDD92B9E0AB6007A0A11 /* Source */,
			);
			path = BaeJuLee;
			sourceTree = "<group>";
		};
		2E14CDD82B9E0AAC007A0A11 /* Resources */ = {
			isa = PBXGroup;
			children = (
				2E1005BA2B99838900B9BED1 /* LaunchScreen.storyboard */,
				2EF5D10B2BA4A501006D2E9E /* Assets.xcassets */,
				2E1005BD2B99838900B9BED1 /* Info.plist */,
			);
			path = Resources;
			sourceTree = "<group>";
		};
		2E14CDD92B9E0AB6007A0A11 /* Source */ = {
			isa = PBXGroup;
			children = (
				2E14CDDA2B9E0AC8007A0A11 /* App */,
				2E14CDDB2B9E0AD2007A0A11 /* Network */,
				2E14CDDE2B9E0AED007A0A11 /* Observable */,
				2E14CDDD2B9E0AE7007A0A11 /* Realm */,
				2E14CDDF2B9E0AF3007A0A11 /* Presentation */,
				2E14CDFF2B9E1ADD007A0A11 /* Util */,
			);
			path = Source;
			sourceTree = "<group>";
		};
		2E14CDDA2B9E0AC8007A0A11 /* App */ = {
			isa = PBXGroup;
			children = (
				2E1005AF2B99838800B9BED1 /* AppDelegate.swift */,
				2E1005B12B99838800B9BED1 /* SceneDelegate.swift */,
			);
			path = App;
			sourceTree = "<group>";
		};
		2E14CDDB2B9E0AD2007A0A11 /* Network */ = {
			isa = PBXGroup;
			children = (
			);
			path = Network;
			sourceTree = "<group>";
		};
		2E14CDDD2B9E0AE7007A0A11 /* Realm */ = {
			isa = PBXGroup;
			children = (
				2ED30DCA2B9F4C8300786ACE /* Repository */,
				2ED30DC92B9F4C7C00786ACE /* Model */,
			);
			path = Realm;
			sourceTree = "<group>";
		};
		2E14CDDE2B9E0AED007A0A11 /* Observable */ = {
			isa = PBXGroup;
			children = (
				2ED30DD72B9F6AA400786ACE /* Observable.swift */,
			);
			path = Observable;
			sourceTree = "<group>";
		};
		2E14CDDF2B9E0AF3007A0A11 /* Presentation */ = {
			isa = PBXGroup;
			children = (
				2E14CDE02B9E0B28007A0A11 /* Base */,
				2E14CDE12B9E0B35007A0A11 /* TabBar */,
				2E14CDF82B9E174C007A0A11 /* Overview */,
				2ED30DCB2B9F59EF00786ACE /* Onboarding */,
				2E14CE082B9E348F007A0A11 /* AddMeal */,
				2E14CDF42B9E16AF007A0A11 /* Like */,
				2E14CDF02B9E1535007A0A11 /* RecipeRecommend */,
				2E14CDEA2B9E1502007A0A11 /* Calendar */,
			);
			path = Presentation;
			sourceTree = "<group>";
		};
		2E14CDE02B9E0B28007A0A11 /* Base */ = {
			isa = PBXGroup;
			children = (
				2E14CDE62B9E13B2007A0A11 /* TableViewCell */,
				2E14CDE52B9E13A4007A0A11 /* CollectionViewCell */,
				2E14CDE42B9E139F007A0A11 /* View */,
				2E14CDE22B9E138C007A0A11 /* ViewController */,
			);
			path = Base;
			sourceTree = "<group>";
		};
		2E14CDE12B9E0B35007A0A11 /* TabBar */ = {
			isa = PBXGroup;
			children = (
				2ED30DC12B9F387B00786ACE /* View */,
				2E14CDE32B9E1396007A0A11 /* ViewController */,
			);
			path = TabBar;
			sourceTree = "<group>";
		};
		2E14CDE22B9E138C007A0A11 /* ViewController */ = {
			isa = PBXGroup;
			children = (
				2E14CDFD2B9E1A8A007A0A11 /* BaseViewController.swift */,
			);
			path = ViewController;
			sourceTree = "<group>";
		};
		2E14CDE32B9E1396007A0A11 /* ViewController */ = {
			isa = PBXGroup;
			children = (
				2E14CDE82B9E14AA007A0A11 /* CustomTabBarController.swift */,
			);
			path = ViewController;
			sourceTree = "<group>";
		};
		2E14CDE42B9E139F007A0A11 /* View */ = {
			isa = PBXGroup;
			children = (
				2ED30DD12B9F5CDC00786ACE /* BaseView.swift */,
			);
			path = View;
			sourceTree = "<group>";
		};
		2E14CDE52B9E13A4007A0A11 /* CollectionViewCell */ = {
			isa = PBXGroup;
			children = (
				2E5F643D2BA368EC004346E0 /* BaseCollectionViewCell.swift */,
			);
			path = CollectionViewCell;
			sourceTree = "<group>";
		};
		2E14CDE62B9E13B2007A0A11 /* TableViewCell */ = {
			isa = PBXGroup;
			children = (
			);
			path = TableViewCell;
			sourceTree = "<group>";
		};
		2E14CDEA2B9E1502007A0A11 /* Calendar */ = {
			isa = PBXGroup;
			children = (
				2E14CDED2B9E1515007A0A11 /* ViewModel */,
				2E14CDEB2B9E150A007A0A11 /* ViewController */,
				2E14CDEC2B9E1511007A0A11 /* View */,
			);
			path = Calendar;
			sourceTree = "<group>";
		};
		2E14CDEB2B9E150A007A0A11 /* ViewController */ = {
			isa = PBXGroup;
			children = (
				2E14CDEE2B9E1523007A0A11 /* CalendarViewController.swift */,
			);
			path = ViewController;
			sourceTree = "<group>";
		};
		2E14CDEC2B9E1511007A0A11 /* View */ = {
			isa = PBXGroup;
			children = (
			);
			path = View;
			sourceTree = "<group>";
		};
		2E14CDED2B9E1515007A0A11 /* ViewModel */ = {
			isa = PBXGroup;
			children = (
			);
			path = ViewModel;
			sourceTree = "<group>";
		};
		2E14CDF02B9E1535007A0A11 /* RecipeRecommend */ = {
			isa = PBXGroup;
			children = (
				2E14CDF32B9E168F007A0A11 /* ViewModel */,
				2E14CDF22B9E1689007A0A11 /* ViewController */,
				2E14CDF12B9E1683007A0A11 /* View */,
			);
			path = RecipeRecommend;
			sourceTree = "<group>";
		};
		2E14CDF12B9E1683007A0A11 /* View */ = {
			isa = PBXGroup;
			children = (
			);
			path = View;
			sourceTree = "<group>";
		};
		2E14CDF22B9E1689007A0A11 /* ViewController */ = {
			isa = PBXGroup;
			children = (
				2E14CDFB2B9E1A71007A0A11 /* RecipeRecommendViewController.swift */,
			);
			path = ViewController;
			sourceTree = "<group>";
		};
		2E14CDF32B9E168F007A0A11 /* ViewModel */ = {
			isa = PBXGroup;
			children = (
			);
			path = ViewModel;
			sourceTree = "<group>";
		};
		2E14CDF42B9E16AF007A0A11 /* Like */ = {
			isa = PBXGroup;
			children = (
				2E14CDF72B9E16BF007A0A11 /* ViewModel */,
				2E14CDF62B9E16B8007A0A11 /* ViewController */,
				2E14CDF52B9E16B5007A0A11 /* View */,
			);
			path = Like;
			sourceTree = "<group>";
		};
		2E14CDF52B9E16B5007A0A11 /* View */ = {
			isa = PBXGroup;
			children = (
			);
			path = View;
			sourceTree = "<group>";
		};
		2E14CDF62B9E16B8007A0A11 /* ViewController */ = {
			isa = PBXGroup;
			children = (
				2E14CDF92B9E1A66007A0A11 /* LikeViewController.swift */,
			);
			path = ViewController;
			sourceTree = "<group>";
		};
		2E14CDF72B9E16BF007A0A11 /* ViewModel */ = {
			isa = PBXGroup;
			children = (
			);
			path = ViewModel;
			sourceTree = "<group>";
		};
		2E14CDF82B9E174C007A0A11 /* Overview */ = {
			isa = PBXGroup;
			children = (
				2E14CE052B9E3258007A0A11 /* ViewModel */,
				2E14CE042B9E3253007A0A11 /* ViewController */,
				2E14CE032B9E324E007A0A11 /* View */,
			);
			path = Overview;
			sourceTree = "<group>";
		};
		2E14CDFF2B9E1ADD007A0A11 /* Util */ = {
			isa = PBXGroup;
			children = (
				2E14CE002B9E1AE7007A0A11 /* Extension */,
				2EF5D10F2BA4BEE1006D2E9E /* DateFormatterUtility.swift */,
			);
			path = Util;
			sourceTree = "<group>";
		};
		2E14CE002B9E1AE7007A0A11 /* Extension */ = {
			isa = PBXGroup;
			children = (
				2E14CE012B9E1AF3007A0A11 /* UIColor+CustomColor.swift */,
				2ED30DD52B9F61E800786ACE /* UIView+addSubViews.swift */,
				2ED30DDB2B9F728700786ACE /* UITextField+PlaceholderColor.swift */,
			);
			path = Extension;
			sourceTree = "<group>";
		};
		2E14CE032B9E324E007A0A11 /* View */ = {
			isa = PBXGroup;
			children = (
				2E88CA582BA1C55C0070F6C3 /* CollectionViewCell */,
				2E88CA562BA1BD060070F6C3 /* OverviewView.swift */,
			);
			path = View;
			sourceTree = "<group>";
		};
		2E14CE042B9E3253007A0A11 /* ViewController */ = {
			isa = PBXGroup;
			children = (
				2E14CE062B9E3262007A0A11 /* OverviewViewController.swift */,
				2E5F64392BA2D464004346E0 /* OverviewCompositionalLayout.swift */,
			);
			path = ViewController;
			sourceTree = "<group>";
		};
		2E14CE052B9E3258007A0A11 /* ViewModel */ = {
			isa = PBXGroup;
			children = (
			);
			path = ViewModel;
			sourceTree = "<group>";
		};
		2E14CE082B9E348F007A0A11 /* AddMeal */ = {
			isa = PBXGroup;
			children = (
				2E14CE0B2B9E34A4007A0A11 /* ViewModel */,
				2E14CE0A2B9E349E007A0A11 /* ViewController */,
				2E14CE092B9E3498007A0A11 /* View */,
			);
			path = AddMeal;
			sourceTree = "<group>";
		};
		2E14CE092B9E3498007A0A11 /* View */ = {
			isa = PBXGroup;
			children = (
				2E48AD432BA490F70021F7D6 /* View */,
			);
			path = View;
			sourceTree = "<group>";
		};
		2E14CE0A2B9E349E007A0A11 /* ViewController */ = {
			isa = PBXGroup;
			children = (
				2E14CE0C2B9E34B2007A0A11 /* AddMealViewController.swift */,
			);
			path = ViewController;
			sourceTree = "<group>";
		};
		2E14CE0B2B9E34A4007A0A11 /* ViewModel */ = {
			isa = PBXGroup;
			children = (
				2E28F32F2BA49A7C00C0B1EB /* AddMealViewModel.swift */,
			);
			path = ViewModel;
			sourceTree = "<group>";
		};
		2E48AD432BA490F70021F7D6 /* View */ = {
			isa = PBXGroup;
			children = (
				2E48AD442BA491150021F7D6 /* AddMealDateView.swift */,
				2EF5D10D2BA4B621006D2E9E /* AddMealDetailView.swift */,
			);
			path = View;
			sourceTree = "<group>";
		};
		2E88CA582BA1C55C0070F6C3 /* CollectionViewCell */ = {
			isa = PBXGroup;
			children = (
				2E5F643B2BA368D7004346E0 /* CalendarCollectionViewCell.swift */,
				2E88CA5B2BA1D4BB0070F6C3 /* SavingCollectionViewCell.swift */,
				2E88CA5D2BA1D4C40070F6C3 /* OrderCntCollectionViewCell.swift */,
				2E88CA5F2BA1D4CA0070F6C3 /* MenuCollectionViewCell.swift */,
			);
			path = CollectionViewCell;
			sourceTree = "<group>";
		};
		2ED30DC12B9F387B00786ACE /* View */ = {
			isa = PBXGroup;
			children = (
				2ED30DC22B9F389200786ACE /* CustomTabBar.swift */,
			);
			path = View;
			sourceTree = "<group>";
		};
		2ED30DC92B9F4C7C00786ACE /* Model */ = {
			isa = PBXGroup;
			children = (
				2ED30DC72B9F4B5E00786ACE /* MealRealmModel.swift */,
				2ED30DC42B9F4A2200786ACE /* UserRealmModel.swift */,
				2E88CA612BA1D5E50070F6C3 /* OnboardingDataModel.swift */,
			);
			path = Model;
			sourceTree = "<group>";
		};
		2ED30DCA2B9F4C8300786ACE /* Repository */ = {
			isa = PBXGroup;
			children = (
				2E88CA632BA1DE7F0070F6C3 /* UserRepository.swift */,
			);
			path = Repository;
			sourceTree = "<group>";
		};
		2ED30DCB2B9F59EF00786ACE /* Onboarding */ = {
			isa = PBXGroup;
			children = (
				2ED30DCE2B9F5A0000786ACE /* ViewModel */,
				2ED30DCD2B9F59FC00786ACE /* ViewController */,
				2ED30DCC2B9F59F600786ACE /* View */,
			);
			path = Onboarding;
			sourceTree = "<group>";
		};
		2ED30DCC2B9F59F600786ACE /* View */ = {
			isa = PBXGroup;
			children = (
				2ED30DD32B9F5D5500786ACE /* OrderCountView.swift */,
				2E56D3472BA0243C002B0A6C /* OrderSpentView.swift */,
				2E56D34D2BA03636002B0A6C /* GoalOrderView.swift */,
			);
			path = View;
			sourceTree = "<group>";
		};
		2ED30DCD2B9F59FC00786ACE /* ViewController */ = {
			isa = PBXGroup;
			children = (
				2ED30DCF2B9F5A0D00786ACE /* OrderCountViewController.swift */,
				2E56D3452BA0242D002B0A6C /* OrderSpentViewController.swift */,
				2E56D34B2BA02A65002B0A6C /* GoalOrderViewController.swift */,
			);
			path = ViewController;
			sourceTree = "<group>";
		};
		2ED30DCE2B9F5A0000786ACE /* ViewModel */ = {
			isa = PBXGroup;
			children = (
				2ED30DD92B9F6CD800786ACE /* OrderCountViewModel.swift */,
				2E56D3492BA0246B002B0A6C /* OrderSpentViewModel.swift */,
				2E56D34F2BA03E1B002B0A6C /* GoalOrderViewModel.swift */,
			);
			path = ViewModel;
			sourceTree = "<group>";
		};
/* End PBXGroup section */

/* Begin PBXNativeTarget section */
		2E1005AB2B99838800B9BED1 /* BaeJuLee */ = {
			isa = PBXNativeTarget;
			buildConfigurationList = 2E1005C02B99838900B9BED1 /* Build configuration list for PBXNativeTarget "BaeJuLee" */;
			buildPhases = (
				2E1005A82B99838800B9BED1 /* Sources */,
				2E1005A92B99838800B9BED1 /* Frameworks */,
				2E1005AA2B99838800B9BED1 /* Resources */,
			);
			buildRules = (
			);
			dependencies = (
			);
			name = BaeJuLee;
			packageProductDependencies = (
				2E14CE0F2B9E3C73007A0A11 /* Realm */,
				2E14CE112B9E3C73007A0A11 /* RealmSwift */,
				2E14CE142B9E3C90007A0A11 /* Kingfisher */,
				2E14CE172B9E3C99007A0A11 /* Then */,
				2E14CE1A2B9E3CB0007A0A11 /* SnapKit */,
				2E14CE1D2B9E3CE8007A0A11 /* DGCharts */,
				2E14CE252B9E3D28007A0A11 /* Lottie */,
				2E14CE282B9E3D3E007A0A11 /* FSCalendar */,
				2E14CE2B2B9E3D9F007A0A11 /* SkeletonView */,
				2EC75DD42BA3F716008A0E3A /* Alamofire */,
			);
			productName = BaeJuLee;
			productReference = 2E1005AC2B99838800B9BED1 /* BaeJuLee.app */;
			productType = "com.apple.product-type.application";
		};
/* End PBXNativeTarget section */

/* Begin PBXProject section */
		2E1005A42B99838700B9BED1 /* Project object */ = {
			isa = PBXProject;
			attributes = {
				BuildIndependentTargetsInParallel = 1;
				LastSwiftUpdateCheck = 1520;
				LastUpgradeCheck = 1520;
				TargetAttributes = {
					2E1005AB2B99838800B9BED1 = {
						CreatedOnToolsVersion = 15.2;
					};
				};
			};
			buildConfigurationList = 2E1005A72B99838700B9BED1 /* Build configuration list for PBXProject "BaeJuLee" */;
			compatibilityVersion = "Xcode 14.0";
			developmentRegion = en;
			hasScannedForEncodings = 0;
			knownRegions = (
				en,
				Base,
			);
			mainGroup = 2E1005A32B99838700B9BED1;
			packageReferences = (
				2E14CE0E2B9E3C73007A0A11 /* XCRemoteSwiftPackageReference "realm-swift" */,
				2E14CE132B9E3C8F007A0A11 /* XCRemoteSwiftPackageReference "Kingfisher" */,
				2E14CE162B9E3C99007A0A11 /* XCRemoteSwiftPackageReference "Then" */,
				2E14CE192B9E3CB0007A0A11 /* XCRemoteSwiftPackageReference "SnapKit" */,
				2E14CE1C2B9E3CE8007A0A11 /* XCRemoteSwiftPackageReference "Charts" */,
				2E14CE242B9E3D28007A0A11 /* XCRemoteSwiftPackageReference "lottie-spm" */,
				2E14CE272B9E3D3E007A0A11 /* XCRemoteSwiftPackageReference "FSCalendar" */,
				2E14CE2A2B9E3D9F007A0A11 /* XCRemoteSwiftPackageReference "SkeletonView" */,
				2EC75DD32BA3F716008A0E3A /* XCRemoteSwiftPackageReference "Alamofire" */,
			);
			productRefGroup = 2E1005AD2B99838800B9BED1 /* Products */;
			projectDirPath = "";
			projectRoot = "";
			targets = (
				2E1005AB2B99838800B9BED1 /* BaeJuLee */,
			);
		};
/* End PBXProject section */

/* Begin PBXResourcesBuildPhase section */
		2E1005AA2B99838800B9BED1 /* Resources */ = {
			isa = PBXResourcesBuildPhase;
			buildActionMask = 2147483647;
			files = (
				2E1005C42B99860100B9BED1 /* .gitignore in Resources */,
				2EF5D10C2BA4A501006D2E9E /* Assets.xcassets in Resources */,
				2E1005BC2B99838900B9BED1 /* LaunchScreen.storyboard in Resources */,
			);
			runOnlyForDeploymentPostprocessing = 0;
		};
/* End PBXResourcesBuildPhase section */

/* Begin PBXSourcesBuildPhase section */
		2E1005A82B99838800B9BED1 /* Sources */ = {
			isa = PBXSourcesBuildPhase;
			buildActionMask = 2147483647;
			files = (
				2E28F3302BA49A7C00C0B1EB /* AddMealViewModel.swift in Sources */,
				2EF5D1102BA4BEE1006D2E9E /* DateFormatterUtility.swift in Sources */,
				2E14CDEF2B9E1523007A0A11 /* CalendarViewController.swift in Sources */,
				2E14CDFC2B9E1A71007A0A11 /* RecipeRecommendViewController.swift in Sources */,
				2E88CA622BA1D5E50070F6C3 /* OnboardingDataModel.swift in Sources */,
				2E56D3502BA03E1B002B0A6C /* GoalOrderViewModel.swift in Sources */,
				2ED30DDA2B9F6CD800786ACE /* OrderCountViewModel.swift in Sources */,
				2E14CE072B9E3262007A0A11 /* OverviewViewController.swift in Sources */,
				2E1005B02B99838800B9BED1 /* AppDelegate.swift in Sources */,
				2EF5D10E2BA4B621006D2E9E /* AddMealDetailView.swift in Sources */,
				2ED30DD82B9F6AA400786ACE /* Observable.swift in Sources */,
				2E56D3482BA0243C002B0A6C /* OrderSpentView.swift in Sources */,
				2ED30DC52B9F4A2200786ACE /* UserRealmModel.swift in Sources */,
				2E14CDE92B9E14AA007A0A11 /* CustomTabBarController.swift in Sources */,
				2E88CA642BA1DE7F0070F6C3 /* UserRepository.swift in Sources */,
				2ED30DD42B9F5D5500786ACE /* OrderCountView.swift in Sources */,
				2E1005B22B99838800B9BED1 /* SceneDelegate.swift in Sources */,
				2E56D3462BA0242D002B0A6C /* OrderSpentViewController.swift in Sources */,
				2E5F643E2BA368EC004346E0 /* BaseCollectionViewCell.swift in Sources */,
				2E88CA572BA1BD060070F6C3 /* OverviewView.swift in Sources */,
				2E14CDFE2B9E1A8A007A0A11 /* BaseViewController.swift in Sources */,
				2E14CE0D2B9E34B2007A0A11 /* AddMealViewController.swift in Sources */,
				2ED30DC32B9F389200786ACE /* CustomTabBar.swift in Sources */,
				2E56D34E2BA03636002B0A6C /* GoalOrderView.swift in Sources */,
				2E48AD452BA491150021F7D6 /* AddMealDateView.swift in Sources */,
				2ED30DDC2B9F728700786ACE /* UITextField+PlaceholderColor.swift in Sources */,
				2ED30DC82B9F4B5E00786ACE /* MealRealmModel.swift in Sources */,
				2E5F643C2BA368D7004346E0 /* CalendarCollectionViewCell.swift in Sources */,
				2E88CA602BA1D4CA0070F6C3 /* MenuCollectionViewCell.swift in Sources */,
				2E56D34A2BA0246B002B0A6C /* OrderSpentViewModel.swift in Sources */,
				2ED30DD02B9F5A0D00786ACE /* OrderCountViewController.swift in Sources */,
				2E88CA5C2BA1D4BB0070F6C3 /* SavingCollectionViewCell.swift in Sources */,
				2ED30DD62B9F61E800786ACE /* UIView+addSubViews.swift in Sources */,
				2E56D34C2BA02A65002B0A6C /* GoalOrderViewController.swift in Sources */,
				2E88CA5E2BA1D4C40070F6C3 /* OrderCntCollectionViewCell.swift in Sources */,
				2ED30DD22B9F5CDC00786ACE /* BaseView.swift in Sources */,
				2E5F643A2BA2D464004346E0 /* OverviewCompositionalLayout.swift in Sources */,
				2E14CE022B9E1AF3007A0A11 /* UIColor+CustomColor.swift in Sources */,
				2E14CDFA2B9E1A66007A0A11 /* LikeViewController.swift in Sources */,
			);
			runOnlyForDeploymentPostprocessing = 0;
		};
/* End PBXSourcesBuildPhase section */

/* Begin PBXVariantGroup section */
		2E1005BA2B99838900B9BED1 /* LaunchScreen.storyboard */ = {
			isa = PBXVariantGroup;
			children = (
				2E1005BB2B99838900B9BED1 /* Base */,
			);
			name = LaunchScreen.storyboard;
			sourceTree = "<group>";
		};
/* End PBXVariantGroup section */

/* Begin XCBuildConfiguration section */
		2E1005BE2B99838900B9BED1 /* Debug */ = {
			isa = XCBuildConfiguration;
			buildSettings = {
				ALWAYS_SEARCH_USER_PATHS = NO;
				ASSETCATALOG_COMPILER_GENERATE_SWIFT_ASSET_SYMBOL_EXTENSIONS = YES;
				CLANG_ANALYZER_NONNULL = YES;
				CLANG_ANALYZER_NUMBER_OBJECT_CONVERSION = YES_AGGRESSIVE;
				CLANG_CXX_LANGUAGE_STANDARD = "gnu++20";
				CLANG_ENABLE_MODULES = YES;
				CLANG_ENABLE_OBJC_ARC = YES;
				CLANG_ENABLE_OBJC_WEAK = YES;
				CLANG_WARN_BLOCK_CAPTURE_AUTORELEASING = YES;
				CLANG_WARN_BOOL_CONVERSION = YES;
				CLANG_WARN_COMMA = YES;
				CLANG_WARN_CONSTANT_CONVERSION = YES;
				CLANG_WARN_DEPRECATED_OBJC_IMPLEMENTATIONS = YES;
				CLANG_WARN_DIRECT_OBJC_ISA_USAGE = YES_ERROR;
				CLANG_WARN_DOCUMENTATION_COMMENTS = YES;
				CLANG_WARN_EMPTY_BODY = YES;
				CLANG_WARN_ENUM_CONVERSION = YES;
				CLANG_WARN_INFINITE_RECURSION = YES;
				CLANG_WARN_INT_CONVERSION = YES;
				CLANG_WARN_NON_LITERAL_NULL_CONVERSION = YES;
				CLANG_WARN_OBJC_IMPLICIT_RETAIN_SELF = YES;
				CLANG_WARN_OBJC_LITERAL_CONVERSION = YES;
				CLANG_WARN_OBJC_ROOT_CLASS = YES_ERROR;
				CLANG_WARN_QUOTED_INCLUDE_IN_FRAMEWORK_HEADER = YES;
				CLANG_WARN_RANGE_LOOP_ANALYSIS = YES;
				CLANG_WARN_STRICT_PROTOTYPES = YES;
				CLANG_WARN_SUSPICIOUS_MOVE = YES;
				CLANG_WARN_UNGUARDED_AVAILABILITY = YES_AGGRESSIVE;
				CLANG_WARN_UNREACHABLE_CODE = YES;
				CLANG_WARN__DUPLICATE_METHOD_MATCH = YES;
				COPY_PHASE_STRIP = NO;
				DEBUG_INFORMATION_FORMAT = dwarf;
				ENABLE_STRICT_OBJC_MSGSEND = YES;
				ENABLE_TESTABILITY = YES;
				ENABLE_USER_SCRIPT_SANDBOXING = YES;
				GCC_C_LANGUAGE_STANDARD = gnu17;
				GCC_DYNAMIC_NO_PIC = NO;
				GCC_NO_COMMON_BLOCKS = YES;
				GCC_OPTIMIZATION_LEVEL = 0;
				GCC_PREPROCESSOR_DEFINITIONS = (
					"DEBUG=1",
					"$(inherited)",
				);
				GCC_WARN_64_TO_32_BIT_CONVERSION = YES;
				GCC_WARN_ABOUT_RETURN_TYPE = YES_ERROR;
				GCC_WARN_UNDECLARED_SELECTOR = YES;
				GCC_WARN_UNINITIALIZED_AUTOS = YES_AGGRESSIVE;
				GCC_WARN_UNUSED_FUNCTION = YES;
				GCC_WARN_UNUSED_VARIABLE = YES;
				IPHONEOS_DEPLOYMENT_TARGET = 17.2;
				LOCALIZATION_PREFERS_STRING_CATALOGS = YES;
				MTL_ENABLE_DEBUG_INFO = INCLUDE_SOURCE;
				MTL_FAST_MATH = YES;
				ONLY_ACTIVE_ARCH = YES;
				SDKROOT = iphoneos;
				SWIFT_ACTIVE_COMPILATION_CONDITIONS = "DEBUG $(inherited)";
				SWIFT_OPTIMIZATION_LEVEL = "-Onone";
			};
			name = Debug;
		};
		2E1005BF2B99838900B9BED1 /* Release */ = {
			isa = XCBuildConfiguration;
			buildSettings = {
				ALWAYS_SEARCH_USER_PATHS = NO;
				ASSETCATALOG_COMPILER_GENERATE_SWIFT_ASSET_SYMBOL_EXTENSIONS = YES;
				CLANG_ANALYZER_NONNULL = YES;
				CLANG_ANALYZER_NUMBER_OBJECT_CONVERSION = YES_AGGRESSIVE;
				CLANG_CXX_LANGUAGE_STANDARD = "gnu++20";
				CLANG_ENABLE_MODULES = YES;
				CLANG_ENABLE_OBJC_ARC = YES;
				CLANG_ENABLE_OBJC_WEAK = YES;
				CLANG_WARN_BLOCK_CAPTURE_AUTORELEASING = YES;
				CLANG_WARN_BOOL_CONVERSION = YES;
				CLANG_WARN_COMMA = YES;
				CLANG_WARN_CONSTANT_CONVERSION = YES;
				CLANG_WARN_DEPRECATED_OBJC_IMPLEMENTATIONS = YES;
				CLANG_WARN_DIRECT_OBJC_ISA_USAGE = YES_ERROR;
				CLANG_WARN_DOCUMENTATION_COMMENTS = YES;
				CLANG_WARN_EMPTY_BODY = YES;
				CLANG_WARN_ENUM_CONVERSION = YES;
				CLANG_WARN_INFINITE_RECURSION = YES;
				CLANG_WARN_INT_CONVERSION = YES;
				CLANG_WARN_NON_LITERAL_NULL_CONVERSION = YES;
				CLANG_WARN_OBJC_IMPLICIT_RETAIN_SELF = YES;
				CLANG_WARN_OBJC_LITERAL_CONVERSION = YES;
				CLANG_WARN_OBJC_ROOT_CLASS = YES_ERROR;
				CLANG_WARN_QUOTED_INCLUDE_IN_FRAMEWORK_HEADER = YES;
				CLANG_WARN_RANGE_LOOP_ANALYSIS = YES;
				CLANG_WARN_STRICT_PROTOTYPES = YES;
				CLANG_WARN_SUSPICIOUS_MOVE = YES;
				CLANG_WARN_UNGUARDED_AVAILABILITY = YES_AGGRESSIVE;
				CLANG_WARN_UNREACHABLE_CODE = YES;
				CLANG_WARN__DUPLICATE_METHOD_MATCH = YES;
				COPY_PHASE_STRIP = NO;
				DEBUG_INFORMATION_FORMAT = "dwarf-with-dsym";
				ENABLE_NS_ASSERTIONS = NO;
				ENABLE_STRICT_OBJC_MSGSEND = YES;
				ENABLE_USER_SCRIPT_SANDBOXING = YES;
				GCC_C_LANGUAGE_STANDARD = gnu17;
				GCC_NO_COMMON_BLOCKS = YES;
				GCC_WARN_64_TO_32_BIT_CONVERSION = YES;
				GCC_WARN_ABOUT_RETURN_TYPE = YES_ERROR;
				GCC_WARN_UNDECLARED_SELECTOR = YES;
				GCC_WARN_UNINITIALIZED_AUTOS = YES_AGGRESSIVE;
				GCC_WARN_UNUSED_FUNCTION = YES;
				GCC_WARN_UNUSED_VARIABLE = YES;
				IPHONEOS_DEPLOYMENT_TARGET = 17.2;
				LOCALIZATION_PREFERS_STRING_CATALOGS = YES;
				MTL_ENABLE_DEBUG_INFO = NO;
				MTL_FAST_MATH = YES;
				SDKROOT = iphoneos;
				SWIFT_COMPILATION_MODE = wholemodule;
				VALIDATE_PRODUCT = YES;
			};
			name = Release;
		};
		2E1005C12B99838900B9BED1 /* Debug */ = {
			isa = XCBuildConfiguration;
			buildSettings = {
				ASSETCATALOG_COMPILER_APPICON_NAME = AppIcon;
				ASSETCATALOG_COMPILER_GLOBAL_ACCENT_COLOR_NAME = AccentColor;
				CODE_SIGN_STYLE = Automatic;
				CURRENT_PROJECT_VERSION = 1;
				DEVELOPMENT_TEAM = Q37X3LG46V;
				GENERATE_INFOPLIST_FILE = YES;
				INFOPLIST_FILE = BaeJuLee/Resources/Info.plist;
				INFOPLIST_KEY_UIApplicationSupportsIndirectInputEvents = YES;
				INFOPLIST_KEY_UILaunchStoryboardName = LaunchScreen;
				INFOPLIST_KEY_UIMainStoryboardFile = "";
				INFOPLIST_KEY_UISupportedInterfaceOrientations_iPad = "UIInterfaceOrientationPortrait UIInterfaceOrientationPortraitUpsideDown UIInterfaceOrientationLandscapeLeft UIInterfaceOrientationLandscapeRight";
				INFOPLIST_KEY_UISupportedInterfaceOrientations_iPhone = "UIInterfaceOrientationPortrait UIInterfaceOrientationLandscapeLeft UIInterfaceOrientationLandscapeRight";
				IPHONEOS_DEPLOYMENT_TARGET = 15.0;
				LD_RUNPATH_SEARCH_PATHS = (
					"$(inherited)",
					"@executable_path/Frameworks",
				);
				MARKETING_VERSION = 1.0;
				PRODUCT_BUNDLE_IDENTIFIER = hwijin.BaeJuLee;
				PRODUCT_NAME = "$(TARGET_NAME)";
				SUPPORTED_PLATFORMS = "iphoneos iphonesimulator";
				SUPPORTS_MACCATALYST = NO;
				SUPPORTS_MAC_DESIGNED_FOR_IPHONE_IPAD = NO;
				SUPPORTS_XR_DESIGNED_FOR_IPHONE_IPAD = NO;
				SWIFT_EMIT_LOC_STRINGS = YES;
				SWIFT_VERSION = 5.0;
				TARGETED_DEVICE_FAMILY = 1;
			};
			name = Debug;
		};
		2E1005C22B99838900B9BED1 /* Release */ = {
			isa = XCBuildConfiguration;
			buildSettings = {
				ASSETCATALOG_COMPILER_APPICON_NAME = AppIcon;
				ASSETCATALOG_COMPILER_GLOBAL_ACCENT_COLOR_NAME = AccentColor;
				CODE_SIGN_STYLE = Automatic;
				CURRENT_PROJECT_VERSION = 1;
				DEVELOPMENT_TEAM = Q37X3LG46V;
				GENERATE_INFOPLIST_FILE = YES;
				INFOPLIST_FILE = BaeJuLee/Resources/Info.plist;
				INFOPLIST_KEY_UIApplicationSupportsIndirectInputEvents = YES;
				INFOPLIST_KEY_UILaunchStoryboardName = LaunchScreen;
				INFOPLIST_KEY_UIMainStoryboardFile = "";
				INFOPLIST_KEY_UISupportedInterfaceOrientations_iPad = "UIInterfaceOrientationPortrait UIInterfaceOrientationPortraitUpsideDown UIInterfaceOrientationLandscapeLeft UIInterfaceOrientationLandscapeRight";
				INFOPLIST_KEY_UISupportedInterfaceOrientations_iPhone = "UIInterfaceOrientationPortrait UIInterfaceOrientationLandscapeLeft UIInterfaceOrientationLandscapeRight";
				IPHONEOS_DEPLOYMENT_TARGET = 15.0;
				LD_RUNPATH_SEARCH_PATHS = (
					"$(inherited)",
					"@executable_path/Frameworks",
				);
				MARKETING_VERSION = 1.0;
				PRODUCT_BUNDLE_IDENTIFIER = hwijin.BaeJuLee;
				PRODUCT_NAME = "$(TARGET_NAME)";
				SUPPORTED_PLATFORMS = "iphoneos iphonesimulator";
				SUPPORTS_MACCATALYST = NO;
				SUPPORTS_MAC_DESIGNED_FOR_IPHONE_IPAD = NO;
				SUPPORTS_XR_DESIGNED_FOR_IPHONE_IPAD = NO;
				SWIFT_EMIT_LOC_STRINGS = YES;
				SWIFT_VERSION = 5.0;
				TARGETED_DEVICE_FAMILY = 1;
			};
			name = Release;
		};
/* End XCBuildConfiguration section */

/* Begin XCConfigurationList section */
		2E1005A72B99838700B9BED1 /* Build configuration list for PBXProject "BaeJuLee" */ = {
			isa = XCConfigurationList;
			buildConfigurations = (
				2E1005BE2B99838900B9BED1 /* Debug */,
				2E1005BF2B99838900B9BED1 /* Release */,
			);
			defaultConfigurationIsVisible = 0;
			defaultConfigurationName = Release;
		};
		2E1005C02B99838900B9BED1 /* Build configuration list for PBXNativeTarget "BaeJuLee" */ = {
			isa = XCConfigurationList;
			buildConfigurations = (
				2E1005C12B99838900B9BED1 /* Debug */,
				2E1005C22B99838900B9BED1 /* Release */,
			);
			defaultConfigurationIsVisible = 0;
			defaultConfigurationName = Release;
		};
/* End XCConfigurationList section */

/* Begin XCRemoteSwiftPackageReference section */
		2E14CE0E2B9E3C73007A0A11 /* XCRemoteSwiftPackageReference "realm-swift" */ = {
			isa = XCRemoteSwiftPackageReference;
			repositoryURL = "https://github.com/realm/realm-swift.git";
			requirement = {
				branch = master;
				kind = branch;
			};
		};
		2E14CE132B9E3C8F007A0A11 /* XCRemoteSwiftPackageReference "Kingfisher" */ = {
			isa = XCRemoteSwiftPackageReference;
			repositoryURL = "https://github.com/onevcat/Kingfisher";
			requirement = {
				kind = upToNextMajorVersion;
				minimumVersion = 7.11.0;
			};
		};
		2E14CE162B9E3C99007A0A11 /* XCRemoteSwiftPackageReference "Then" */ = {
			isa = XCRemoteSwiftPackageReference;
			repositoryURL = "https://github.com/devxoul/Then";
			requirement = {
				kind = upToNextMajorVersion;
				minimumVersion = 3.0.0;
			};
		};
		2E14CE192B9E3CB0007A0A11 /* XCRemoteSwiftPackageReference "SnapKit" */ = {
			isa = XCRemoteSwiftPackageReference;
			repositoryURL = "https://github.com/SnapKit/SnapKit.git";
			requirement = {
				kind = upToNextMajorVersion;
				minimumVersion = 5.7.1;
			};
		};
		2E14CE1C2B9E3CE8007A0A11 /* XCRemoteSwiftPackageReference "Charts" */ = {
			isa = XCRemoteSwiftPackageReference;
			repositoryURL = "https://github.com/danielgindi/Charts.git";
			requirement = {
				kind = upToNextMajorVersion;
				minimumVersion = 5.1.0;
			};
		};
		2E14CE242B9E3D28007A0A11 /* XCRemoteSwiftPackageReference "lottie-spm" */ = {
			isa = XCRemoteSwiftPackageReference;
			repositoryURL = "https://github.com/airbnb/lottie-spm.git";
			requirement = {
				kind = upToNextMajorVersion;
				minimumVersion = 4.4.1;
			};
		};
		2E14CE272B9E3D3E007A0A11 /* XCRemoteSwiftPackageReference "FSCalendar" */ = {
			isa = XCRemoteSwiftPackageReference;
			repositoryURL = "https://github.com/WenchaoD/FSCalendar";
			requirement = {
				kind = upToNextMajorVersion;
				minimumVersion = 2.8.4;
			};
		};
		2E14CE2A2B9E3D9F007A0A11 /* XCRemoteSwiftPackageReference "SkeletonView" */ = {
			isa = XCRemoteSwiftPackageReference;
			repositoryURL = "https://github.com/Juanpe/SkeletonView";
			requirement = {
				kind = upToNextMajorVersion;
				minimumVersion = 1.30.4;
			};
		};
		2EC75DD32BA3F716008A0E3A /* XCRemoteSwiftPackageReference "Alamofire" */ = {
			isa = XCRemoteSwiftPackageReference;
			repositoryURL = "https://github.com/Alamofire/Alamofire";
			requirement = {
				kind = upToNextMajorVersion;
				minimumVersion = 5.9.0;
			};
		};
/* End XCRemoteSwiftPackageReference section */

/* Begin XCSwiftPackageProductDependency section */
		2E14CE0F2B9E3C73007A0A11 /* Realm */ = {
			isa = XCSwiftPackageProductDependency;
			package = 2E14CE0E2B9E3C73007A0A11 /* XCRemoteSwiftPackageReference "realm-swift" */;
			productName = Realm;
		};
		2E14CE112B9E3C73007A0A11 /* RealmSwift */ = {
			isa = XCSwiftPackageProductDependency;
			package = 2E14CE0E2B9E3C73007A0A11 /* XCRemoteSwiftPackageReference "realm-swift" */;
			productName = RealmSwift;
		};
		2E14CE142B9E3C90007A0A11 /* Kingfisher */ = {
			isa = XCSwiftPackageProductDependency;
			package = 2E14CE132B9E3C8F007A0A11 /* XCRemoteSwiftPackageReference "Kingfisher" */;
			productName = Kingfisher;
		};
		2E14CE172B9E3C99007A0A11 /* Then */ = {
			isa = XCSwiftPackageProductDependency;
			package = 2E14CE162B9E3C99007A0A11 /* XCRemoteSwiftPackageReference "Then" */;
			productName = Then;
		};
		2E14CE1A2B9E3CB0007A0A11 /* SnapKit */ = {
			isa = XCSwiftPackageProductDependency;
			package = 2E14CE192B9E3CB0007A0A11 /* XCRemoteSwiftPackageReference "SnapKit" */;
			productName = SnapKit;
		};
		2E14CE1D2B9E3CE8007A0A11 /* DGCharts */ = {
			isa = XCSwiftPackageProductDependency;
			package = 2E14CE1C2B9E3CE8007A0A11 /* XCRemoteSwiftPackageReference "Charts" */;
			productName = DGCharts;
		};
		2E14CE252B9E3D28007A0A11 /* Lottie */ = {
			isa = XCSwiftPackageProductDependency;
			package = 2E14CE242B9E3D28007A0A11 /* XCRemoteSwiftPackageReference "lottie-spm" */;
			productName = Lottie;
		};
		2E14CE282B9E3D3E007A0A11 /* FSCalendar */ = {
			isa = XCSwiftPackageProductDependency;
			package = 2E14CE272B9E3D3E007A0A11 /* XCRemoteSwiftPackageReference "FSCalendar" */;
			productName = FSCalendar;
		};
		2E14CE2B2B9E3D9F007A0A11 /* SkeletonView */ = {
			isa = XCSwiftPackageProductDependency;
			package = 2E14CE2A2B9E3D9F007A0A11 /* XCRemoteSwiftPackageReference "SkeletonView" */;
			productName = SkeletonView;
		};
		2EC75DD42BA3F716008A0E3A /* Alamofire */ = {
			isa = XCSwiftPackageProductDependency;
			package = 2EC75DD32BA3F716008A0E3A /* XCRemoteSwiftPackageReference "Alamofire" */;
			productName = Alamofire;
		};
/* End XCSwiftPackageProductDependency section */
	};
	rootObject = 2E1005A42B99838700B9BED1 /* Project object */;
}
